
Microsoft Visual Studio Solution File, Format Version 12.00
# Visual Studio Version 17
VisualStudioVersion = 17.5.002.0
MinimumVisualStudioVersion = 10.0.40219.1
Project("{9A19103F-16F7-4668-BE54-9A1E7A4F7556}") = "ochon", "ochon.csproj", "{C7FE49D5-14A3-4BAA-AB50-E498F738218F}"
EndProject
Global
	GlobalSection(SolutionConfigurationPlatforms) = preSolution
		Debug|Any CPU = Debug|Any CPU
		Release|Any CPU = Release|Any CPU
	EndGlobalSection
	GlobalSection(ProjectConfigurationPlatforms) = postSolution
		{C7FE49D5-14A3-4BAA-AB50-E498F738218F}.Debug|Any CPU.ActiveCfg = Debug|Any CPU
		{C7FE49D5-14A3-4BAA-AB50-E498F738218F}.Debug|Any CPU.Build.0 = Debug|Any CPU
		{C7FE49D5-14A3-4BAA-AB50-E498F738218F}.Release|Any CPU.ActiveCfg = Release|Any CPU
		{C7FE49D5-14A3-4BAA-AB50-E498F738218F}.Release|Any CPU.Build.0 = Release|Any CPU
	EndGlobalSection
	GlobalSection(SolutionProperties) = preSolution
		HideSolutionNode = FALSE
	EndGlobalSection
	GlobalSection(ExtensibilityGlobals) = postSolution
		SolutionGuid = {DF26CB43-8B59-4872-913A-7E5DE6085F5F}
	EndGlobalSection
EndGlobal
